// !$*UTF8*$!
{
	archiveVersion = 1;
	classes = {
	};
	objectVersion = 51;
	objects = {

/* Begin PBXBuildFile section */
		8449911D773CBA2E92FCCF43 /* Pods_Flix_part1Tests.framework in Frameworks */ = {isa = PBXBuildFile; fileRef = CEA956C870B978B61AE52235 /* Pods_Flix_part1Tests.framework */; };
		85BD303625E270E0002B6BC1 /* AppDelegate.swift in Sources */ = {isa = PBXBuildFile; fileRef = 85BD303525E270E0002B6BC1 /* AppDelegate.swift */; };
		85BD303825E270E0002B6BC1 /* SceneDelegate.swift in Sources */ = {isa = PBXBuildFile; fileRef = 85BD303725E270E0002B6BC1 /* SceneDelegate.swift */; };
		85BD303D25E270E0002B6BC1 /* Main.storyboard in Resources */ = {isa = PBXBuildFile; fileRef = 85BD303B25E270E0002B6BC1 /* Main.storyboard */; };
		85BD303F25E270E2002B6BC1 /* Assets.xcassets in Resources */ = {isa = PBXBuildFile; fileRef = 85BD303E25E270E2002B6BC1 /* Assets.xcassets */; };
		85BD304225E270E2002B6BC1 /* LaunchScreen.storyboard in Resources */ = {isa = PBXBuildFile; fileRef = 85BD304025E270E2002B6BC1 /* LaunchScreen.storyboard */; };
		85BD304D25E270E2002B6BC1 /* Flix_part1Tests.swift in Sources */ = {isa = PBXBuildFile; fileRef = 85BD304C25E270E2002B6BC1 /* Flix_part1Tests.swift */; };
		85BD305825E270E2002B6BC1 /* Flix_part1UITests.swift in Sources */ = {isa = PBXBuildFile; fileRef = 85BD305725E270E2002B6BC1 /* Flix_part1UITests.swift */; };
		85BD306C25E2713C002B6BC1 /* MoviesViewController.swift in Sources */ = {isa = PBXBuildFile; fileRef = 85BD306B25E2713C002B6BC1 /* MoviesViewController.swift */; };
		85BD307C25E4A812002B6BC1 /* MovieCell.swift in Sources */ = {isa = PBXBuildFile; fileRef = 85BD307B25E4A812002B6BC1 /* MovieCell.swift */; };
		85EF977F25E8EDE80064DF46 /* MovieDetailsViewController.swift in Sources */ = {isa = PBXBuildFile; fileRef = 85EF977E25E8EDE80064DF46 /* MovieDetailsViewController.swift */; };
		85EF978425EAA18C0064DF46 /* MovieGridViewController.swift in Sources */ = {isa = PBXBuildFile; fileRef = 85EF978325EAA18C0064DF46 /* MovieGridViewController.swift */; };
		85EF978925EAAD920064DF46 /* MovieGridCell.swift in Sources */ = {isa = PBXBuildFile; fileRef = 85EF978825EAAD920064DF46 /* MovieGridCell.swift */; };
		B55596652FC27DEF2556F8E2 /* Pods_Flix_part1_Flix_part1UITests.framework in Frameworks */ = {isa = PBXBuildFile; fileRef = AE619DB46576520E38C9DE58 /* Pods_Flix_part1_Flix_part1UITests.framework */; };
		E126AAABB17BB2330AF7C3BC /* Pods_Flix_part1.framework in Frameworks */ = {isa = PBXBuildFile; fileRef = A032E61656FEC6DB0DB59EE0 /* Pods_Flix_part1.framework */; };
/* End PBXBuildFile section */

/* Begin PBXContainerItemProxy section */
		85BD304925E270E2002B6BC1 /* PBXContainerItemProxy */ = {
			isa = PBXContainerItemProxy;
			containerPortal = 85BD302A25E270E0002B6BC1 /* Project object */;
			proxyType = 1;
			remoteGlobalIDString = 85BD303125E270E0002B6BC1;
			remoteInfo = "Flix-part1";
		};
		85BD305425E270E2002B6BC1 /* PBXContainerItemProxy */ = {
			isa = PBXContainerItemProxy;
			containerPortal = 85BD302A25E270E0002B6BC1 /* Project object */;
			proxyType = 1;
			remoteGlobalIDString = 85BD303125E270E0002B6BC1;
			remoteInfo = "Flix-part1";
		};
/* End PBXContainerItemProxy section */

/* Begin PBXFileReference section */
		0711CE448759E3FB7596B778 /* Pods-Flix-part1Tests.debug.xcconfig */ = {isa = PBXFileReference; includeInIndex = 1; lastKnownFileType = text.xcconfig; name = "Pods-Flix-part1Tests.debug.xcconfig"; path = "Target Support Files/Pods-Flix-part1Tests/Pods-Flix-part1Tests.debug.xcconfig"; sourceTree = "<group>"; };
		20CEFBEF09C4792D969BEB12 /* Pods-Flix-part1Tests.release.xcconfig */ = {isa = PBXFileReference; includeInIndex = 1; lastKnownFileType = text.xcconfig; name = "Pods-Flix-part1Tests.release.xcconfig"; path = "Target Support Files/Pods-Flix-part1Tests/Pods-Flix-part1Tests.release.xcconfig"; sourceTree = "<group>"; };
		489E593E42C02EEE45F61A7C /* Pods-Flix-part1-Flix-part1UITests.debug.xcconfig */ = {isa = PBXFileReference; includeInIndex = 1; lastKnownFileType = text.xcconfig; name = "Pods-Flix-part1-Flix-part1UITests.debug.xcconfig"; path = "Target Support Files/Pods-Flix-part1-Flix-part1UITests/Pods-Flix-part1-Flix-part1UITests.debug.xcconfig"; sourceTree = "<group>"; };
		4B266E342311F7F6B1F4790C /* Pods-Flix-part1-Flix-part1UITests.release.xcconfig */ = {isa = PBXFileReference; includeInIndex = 1; lastKnownFileType = text.xcconfig; name = "Pods-Flix-part1-Flix-part1UITests.release.xcconfig"; path = "Target Support Files/Pods-Flix-part1-Flix-part1UITests/Pods-Flix-part1-Flix-part1UITests.release.xcconfig"; sourceTree = "<group>"; };
		85BD303225E270E0002B6BC1 /* Flix-part1.app */ = {isa = PBXFileReference; explicitFileType = wrapper.application; includeInIndex = 0; path = "Flix-part1.app"; sourceTree = BUILT_PRODUCTS_DIR; };
		85BD303525E270E0002B6BC1 /* AppDelegate.swift */ = {isa = PBXFileReference; lastKnownFileType = sourcecode.swift; path = AppDelegate.swift; sourceTree = "<group>"; };
		85BD303725E270E0002B6BC1 /* SceneDelegate.swift */ = {isa = PBXFileReference; lastKnownFileType = sourcecode.swift; path = SceneDelegate.swift; sourceTree = "<group>"; };
		85BD303C25E270E0002B6BC1 /* Base */ = {isa = PBXFileReference; lastKnownFileType = file.storyboard; name = Base; path = Base.lproj/Main.storyboard; sourceTree = "<group>"; };
		85BD303E25E270E2002B6BC1 /* Assets.xcassets */ = {isa = PBXFileReference; lastKnownFileType = folder.assetcatalog; path = Assets.xcassets; sourceTree = "<group>"; };
		85BD304125E270E2002B6BC1 /* Base */ = {isa = PBXFileReference; lastKnownFileType = file.storyboard; name = Base; path = Base.lproj/LaunchScreen.storyboard; sourceTree = "<group>"; };
		85BD304325E270E2002B6BC1 /* Info.plist */ = {isa = PBXFileReference; lastKnownFileType = text.plist.xml; path = Info.plist; sourceTree = "<group>"; };
		85BD304825E270E2002B6BC1 /* Flix-part1Tests.xctest */ = {isa = PBXFileReference; explicitFileType = wrapper.cfbundle; includeInIndex = 0; path = "Flix-part1Tests.xctest"; sourceTree = BUILT_PRODUCTS_DIR; };
		85BD304C25E270E2002B6BC1 /* Flix_part1Tests.swift */ = {isa = PBXFileReference; lastKnownFileType = sourcecode.swift; path = Flix_part1Tests.swift; sourceTree = "<group>"; };
		85BD304E25E270E2002B6BC1 /* Info.plist */ = {isa = PBXFileReference; lastKnownFileType = text.plist.xml; path = Info.plist; sourceTree = "<group>"; };
		85BD305325E270E2002B6BC1 /* Flix-part1UITests.xctest */ = {isa = PBXFileReference; explicitFileType = wrapper.cfbundle; includeInIndex = 0; path = "Flix-part1UITests.xctest"; sourceTree = BUILT_PRODUCTS_DIR; };
		85BD305725E270E2002B6BC1 /* Flix_part1UITests.swift */ = {isa = PBXFileReference; lastKnownFileType = sourcecode.swift; path = Flix_part1UITests.swift; sourceTree = "<group>"; };
		85BD305925E270E2002B6BC1 /* Info.plist */ = {isa = PBXFileReference; lastKnownFileType = text.plist.xml; path = Info.plist; sourceTree = "<group>"; };
		85BD306B25E2713C002B6BC1 /* MoviesViewController.swift */ = {isa = PBXFileReference; lastKnownFileType = sourcecode.swift; path = MoviesViewController.swift; sourceTree = "<group>"; };
		85BD307B25E4A812002B6BC1 /* MovieCell.swift */ = {isa = PBXFileReference; lastKnownFileType = sourcecode.swift; path = MovieCell.swift; sourceTree = "<group>"; };
		85EF977E25E8EDE80064DF46 /* MovieDetailsViewController.swift */ = {isa = PBXFileReference; lastKnownFileType = sourcecode.swift; path = MovieDetailsViewController.swift; sourceTree = "<group>"; };
		85EF978325EAA18C0064DF46 /* MovieGridViewController.swift */ = {isa = PBXFileReference; lastKnownFileType = sourcecode.swift; path = MovieGridViewController.swift; sourceTree = "<group>"; };
		85EF978825EAAD920064DF46 /* MovieGridCell.swift */ = {isa = PBXFileReference; lastKnownFileType = sourcecode.swift; path = MovieGridCell.swift; sourceTree = "<group>"; };
		A032E61656FEC6DB0DB59EE0 /* Pods_Flix_part1.framework */ = {isa = PBXFileReference; explicitFileType = wrapper.framework; includeInIndex = 0; path = Pods_Flix_part1.framework; sourceTree = BUILT_PRODUCTS_DIR; };
		AE619DB46576520E38C9DE58 /* Pods_Flix_part1_Flix_part1UITests.framework */ = {isa = PBXFileReference; explicitFileType = wrapper.framework; includeInIndex = 0; path = Pods_Flix_part1_Flix_part1UITests.framework; sourceTree = BUILT_PRODUCTS_DIR; };
		CA33879F77BC4BAC357E3770 /* Pods-Flix-part1.release.xcconfig */ = {isa = PBXFileReference; includeInIndex = 1; lastKnownFileType = text.xcconfig; name = "Pods-Flix-part1.release.xcconfig"; path = "Target Support Files/Pods-Flix-part1/Pods-Flix-part1.release.xcconfig"; sourceTree = "<group>"; };
		CEA956C870B978B61AE52235 /* Pods_Flix_part1Tests.framework */ = {isa = PBXFileReference; explicitFileType = wrapper.framework; includeInIndex = 0; path = Pods_Flix_part1Tests.framework; sourceTree = BUILT_PRODUCTS_DIR; };
		DF2FA8EB6BDCCC153C5CE3ED /* Pods-Flix-part1.debug.xcconfig */ = {isa = PBXFileReference; includeInIndex = 1; lastKnownFileType = text.xcconfig; name = "Pods-Flix-part1.debug.xcconfig"; path = "Target Support Files/Pods-Flix-part1/Pods-Flix-part1.debug.xcconfig"; sourceTree = "<group>"; };
/* End PBXFileReference section */

/* Begin PBXFrameworksBuildPhase section */
		85BD302F25E270E0002B6BC1 /* Frameworks */ = {
			isa = PBXFrameworksBuildPhase;
			buildActionMask = 2147483647;
			files = (
				E126AAABB17BB2330AF7C3BC /* Pods_Flix_part1.framework in Frameworks */,
			);
			runOnlyForDeploymentPostprocessing = 0;
		};
		85BD304525E270E2002B6BC1 /* Frameworks */ = {
			isa = PBXFrameworksBuildPhase;
			buildActionMask = 2147483647;
			files = (
				8449911D773CBA2E92FCCF43 /* Pods_Flix_part1Tests.framework in Frameworks */,
			);
			runOnlyForDeploymentPostprocessing = 0;
		};
		85BD305025E270E2002B6BC1 /* Frameworks */ = {
			isa = PBXFrameworksBuildPhase;
			buildActionMask = 2147483647;
			files = (
				B55596652FC27DEF2556F8E2 /* Pods_Flix_part1_Flix_part1UITests.framework in Frameworks */,
			);
			runOnlyForDeploymentPostprocessing = 0;
		};
/* End PBXFrameworksBuildPhase section */

/* Begin PBXGroup section */
		5093B4EAB6C29086BF4FA44F /* Frameworks */ = {
			isa = PBXGroup;
			children = (
				A032E61656FEC6DB0DB59EE0 /* Pods_Flix_part1.framework */,
				AE619DB46576520E38C9DE58 /* Pods_Flix_part1_Flix_part1UITests.framework */,
				CEA956C870B978B61AE52235 /* Pods_Flix_part1Tests.framework */,
			);
			name = Frameworks;
			sourceTree = "<group>";
		};
		85BD302925E270E0002B6BC1 = {
			isa = PBXGroup;
			children = (
				85BD303425E270E0002B6BC1 /* Flix-part1 */,
				85BD304B25E270E2002B6BC1 /* Flix-part1Tests */,
				85BD305625E270E2002B6BC1 /* Flix-part1UITests */,
				85BD303325E270E0002B6BC1 /* Products */,
				FB7CE9D1067384373EA8320D /* Pods */,
				5093B4EAB6C29086BF4FA44F /* Frameworks */,
			);
			sourceTree = "<group>";
		};
		85BD303325E270E0002B6BC1 /* Products */ = {
			isa = PBXGroup;
			children = (
				85BD303225E270E0002B6BC1 /* Flix-part1.app */,
				85BD304825E270E2002B6BC1 /* Flix-part1Tests.xctest */,
				85BD305325E270E2002B6BC1 /* Flix-part1UITests.xctest */,
			);
			name = Products;
			sourceTree = "<group>";
		};
		85BD303425E270E0002B6BC1 /* Flix-part1 */ = {
			isa = PBXGroup;
			children = (
				85BD303525E270E0002B6BC1 /* AppDelegate.swift */,
				85BD303725E270E0002B6BC1 /* SceneDelegate.swift */,
				85BD303B25E270E0002B6BC1 /* Main.storyboard */,
				85BD303E25E270E2002B6BC1 /* Assets.xcassets */,
				85BD304025E270E2002B6BC1 /* LaunchScreen.storyboard */,
				85BD304325E270E2002B6BC1 /* Info.plist */,
				85BD306B25E2713C002B6BC1 /* MoviesViewController.swift */,
				85BD307B25E4A812002B6BC1 /* MovieCell.swift */,
				85EF977E25E8EDE80064DF46 /* MovieDetailsViewController.swift */,
				85EF978325EAA18C0064DF46 /* MovieGridViewController.swift */,
				85EF978825EAAD920064DF46 /* MovieGridCell.swift */,
			);
			path = "Flix-part1";
			sourceTree = "<group>";
		};
		85BD304B25E270E2002B6BC1 /* Flix-part1Tests */ = {
			isa = PBXGroup;
			children = (
				85BD304C25E270E2002B6BC1 /* Flix_part1Tests.swift */,
				85BD304E25E270E2002B6BC1 /* Info.plist */,
			);
			path = "Flix-part1Tests";
			sourceTree = "<group>";
		};
		85BD305625E270E2002B6BC1 /* Flix-part1UITests */ = {
			isa = PBXGroup;
			children = (
				85BD305725E270E2002B6BC1 /* Flix_part1UITests.swift */,
				85BD305925E270E2002B6BC1 /* Info.plist */,
			);
			path = "Flix-part1UITests";
			sourceTree = "<group>";
		};
		FB7CE9D1067384373EA8320D /* Pods */ = {
			isa = PBXGroup;
			children = (
				DF2FA8EB6BDCCC153C5CE3ED /* Pods-Flix-part1.debug.xcconfig */,
				CA33879F77BC4BAC357E3770 /* Pods-Flix-part1.release.xcconfig */,
				489E593E42C02EEE45F61A7C /* Pods-Flix-part1-Flix-part1UITests.debug.xcconfig */,
				4B266E342311F7F6B1F4790C /* Pods-Flix-part1-Flix-part1UITests.release.xcconfig */,
				0711CE448759E3FB7596B778 /* Pods-Flix-part1Tests.debug.xcconfig */,
				20CEFBEF09C4792D969BEB12 /* Pods-Flix-part1Tests.release.xcconfig */,
			);
			path = Pods;
			sourceTree = "<group>";
		};
/* End PBXGroup section */

/* Begin PBXNativeTarget section */
		85BD303125E270E0002B6BC1 /* Flix-part1 */ = {
			isa = PBXNativeTarget;
			buildConfigurationList = 85BD305C25E270E2002B6BC1 /* Build configuration list for PBXNativeTarget "Flix-part1" */;
			buildPhases = (
				E527BBDFB69A7916E58FA634 /* [CP] Check Pods Manifest.lock */,
				85BD302E25E270E0002B6BC1 /* Sources */,
				85BD302F25E270E0002B6BC1 /* Frameworks */,
				85BD303025E270E0002B6BC1 /* Resources */,
				27653C6485E733E77E8E9832 /* [CP] Embed Pods Frameworks */,
			);
			buildRules = (
			);
			dependencies = (
			);
			name = "Flix-part1";
			productName = "Flix-part1";
			productReference = 85BD303225E270E0002B6BC1 /* Flix-part1.app */;
			productType = "com.apple.product-type.application";
		};
		85BD304725E270E2002B6BC1 /* Flix-part1Tests */ = {
			isa = PBXNativeTarget;
			buildConfigurationList = 85BD305F25E270E2002B6BC1 /* Build configuration list for PBXNativeTarget "Flix-part1Tests" */;
			buildPhases = (
				1A9DAF63AE17A32FC3A5AB7A /* [CP] Check Pods Manifest.lock */,
				85BD304425E270E2002B6BC1 /* Sources */,
				85BD304525E270E2002B6BC1 /* Frameworks */,
				85BD304625E270E2002B6BC1 /* Resources */,
			);
			buildRules = (
			);
			dependencies = (
				85BD304A25E270E2002B6BC1 /* PBXTargetDependency */,
			);
			name = "Flix-part1Tests";
			productName = "Flix-part1Tests";
			productReference = 85BD304825E270E2002B6BC1 /* Flix-part1Tests.xctest */;
			productType = "com.apple.product-type.bundle.unit-test";
		};
		85BD305225E270E2002B6BC1 /* Flix-part1UITests */ = {
			isa = PBXNativeTarget;
			buildConfigurationList = 85BD306225E270E2002B6BC1 /* Build configuration list for PBXNativeTarget "Flix-part1UITests" */;
			buildPhases = (
				3ACEFC23D748708AC9ADF9B0 /* [CP] Check Pods Manifest.lock */,
				85BD304F25E270E2002B6BC1 /* Sources */,
				85BD305025E270E2002B6BC1 /* Frameworks */,
				85BD305125E270E2002B6BC1 /* Resources */,
				5AE7FC7632EACD25C14B9123 /* [CP] Embed Pods Frameworks */,
			);
			buildRules = (
			);
			dependencies = (
				85BD305525E270E2002B6BC1 /* PBXTargetDependency */,
			);
			name = "Flix-part1UITests";
			productName = "Flix-part1UITests";
			productReference = 85BD305325E270E2002B6BC1 /* Flix-part1UITests.xctest */;
			productType = "com.apple.product-type.bundle.ui-testing";
		};
/* End PBXNativeTarget section */

/* Begin PBXProject section */
		85BD302A25E270E0002B6BC1 /* Project object */ = {
			isa = PBXProject;
			attributes = {
				LastSwiftUpdateCheck = 1240;
				LastUpgradeCheck = 1240;
				TargetAttributes = {
					85BD303125E270E0002B6BC1 = {
						CreatedOnToolsVersion = 12.4;
					};
					85BD304725E270E2002B6BC1 = {
						CreatedOnToolsVersion = 12.4;
						TestTargetID = 85BD303125E270E0002B6BC1;
					};
					85BD305225E270E2002B6BC1 = {
						CreatedOnToolsVersion = 12.4;
						TestTargetID = 85BD303125E270E0002B6BC1;
					};
				};
			};
			buildConfigurationList = 85BD302D25E270E0002B6BC1 /* Build configuration list for PBXProject "Flix-part1" */;
			compatibilityVersion = "Xcode 9.3";
			developmentRegion = en;
			hasScannedForEncodings = 0;
			knownRegions = (
				en,
				Base,
			);
			mainGroup = 85BD302925E270E0002B6BC1;
			productRefGroup = 85BD303325E270E0002B6BC1 /* Products */;
			projectDirPath = "";
			projectRoot = "";
			targets = (
				85BD303125E270E0002B6BC1 /* Flix-part1 */,
				85BD304725E270E2002B6BC1 /* Flix-part1Tests */,
				85BD305225E270E2002B6BC1 /* Flix-part1UITests */,
			);
		};
/* End PBXProject section */

/* Begin PBXResourcesBuildPhase section */
		85BD303025E270E0002B6BC1 /* Resources */ = {
			isa = PBXResourcesBuildPhase;
			buildActionMask = 2147483647;
			files = (
				85BD304225E270E2002B6BC1 /* LaunchScreen.storyboard in Resources */,
				85BD303F25E270E2002B6BC1 /* Assets.xcassets in Resources */,
				85BD303D25E270E0002B6BC1 /* Main.storyboard in Resources */,
			);
			runOnlyForDeploymentPostprocessing = 0;
		};
		85BD304625E270E2002B6BC1 /* Resources */ = {
			isa = PBXResourcesBuildPhase;
			buildActionMask = 2147483647;
			files = (
			);
			runOnlyForDeploymentPostprocessing = 0;
		};
		85BD305125E270E2002B6BC1 /* Resources */ = {
			isa = PBXResourcesBuildPhase;
			buildActionMask = 2147483647;
			files = (
			);
			runOnlyForDeploymentPostprocessing = 0;
		};
/* End PBXResourcesBuildPhase section */

/* Begin PBXShellScriptBuildPhase section */
		1A9DAF63AE17A32FC3A5AB7A /* [CP] Check Pods Manifest.lock */ = {
			isa = PBXShellScriptBuildPhase;
			buildActionMask = 2147483647;
			files = (
			);
			inputFileListPaths = (
			);
			inputPaths = (
				"${PODS_PODFILE_DIR_PATH}/Podfile.lock",
				"${PODS_ROOT}/Manifest.lock",
			);
			name = "[CP] Check Pods Manifest.lock";
			outputFileListPaths = (
			);
			outputPaths = (
				"$(DERIVED_FILE_DIR)/Pods-Flix-part1Tests-checkManifestLockResult.txt",
			);
			runOnlyForDeploymentPostprocessing = 0;
			shellPath = /bin/sh;
			shellScript = "diff \"${PODS_PODFILE_DIR_PATH}/Podfile.lock\" \"${PODS_ROOT}/Manifest.lock\" > /dev/null\nif [ $? != 0 ] ; then\n    # print error to STDERR\n    echo \"error: The sandbox is not in sync with the Podfile.lock. Run 'pod install' or update your CocoaPods installation.\" >&2\n    exit 1\nfi\n# This output is used by Xcode 'outputs' to avoid re-running this script phase.\necho \"SUCCESS\" > \"${SCRIPT_OUTPUT_FILE_0}\"\n";
			showEnvVarsInLog = 0;
		};
		27653C6485E733E77E8E9832 /* [CP] Embed Pods Frameworks */ = {
			isa = PBXShellScriptBuildPhase;
			buildActionMask = 2147483647;
			files = (
			);
			inputFileListPaths = (
				"${PODS_ROOT}/Target Support Files/Pods-Flix-part1/Pods-Flix-part1-frameworks-${CONFIGURATION}-input-files.xcfilelist",
			);
			name = "[CP] Embed Pods Frameworks";
			outputFileListPaths = (
				"${PODS_ROOT}/Target Support Files/Pods-Flix-part1/Pods-Flix-part1-frameworks-${CONFIGURATION}-output-files.xcfilelist",
			);
			runOnlyForDeploymentPostprocessing = 0;
			shellPath = /bin/sh;
			shellScript = "\"${PODS_ROOT}/Target Support Files/Pods-Flix-part1/Pods-Flix-part1-frameworks.sh\"\n";
			showEnvVarsInLog = 0;
		};
		3ACEFC23D748708AC9ADF9B0 /* [CP] Check Pods Manifest.lock */ = {
			isa = PBXShellScriptBuildPhase;
			buildActionMask = 2147483647;
			files = (
			);
			inputFileListPaths = (
			);
			inputPaths = (
				"${PODS_PODFILE_DIR_PATH}/Podfile.lock",
				"${PODS_ROOT}/Manifest.lock",
			);
			name = "[CP] Check Pods Manifest.lock";
			outputFileListPaths = (
			);
			outputPaths = (
				"$(DERIVED_FILE_DIR)/Pods-Flix-part1-Flix-part1UITests-checkManifestLockResult.txt",
			);
			runOnlyForDeploymentPostprocessing = 0;
			shellPath = /bin/sh;
			shellScript = "diff \"${PODS_PODFILE_DIR_PATH}/Podfile.lock\" \"${PODS_ROOT}/Manifest.lock\" > /dev/null\nif [ $? != 0 ] ; then\n    # print error to STDERR\n    echo \"error: The sandbox is not in sync with the Podfile.lock. Run 'pod install' or update your CocoaPods installation.\" >&2\n    exit 1\nfi\n# This output is used by Xcode 'outputs' to avoid re-running this script phase.\necho \"SUCCESS\" > \"${SCRIPT_OUTPUT_FILE_0}\"\n";
			showEnvVarsInLog = 0;
		};
		5AE7FC7632EACD25C14B9123 /* [CP] Embed Pods Frameworks */ = {
			isa = PBXShellScriptBuildPhase;
			buildActionMask = 2147483647;
			files = (
			);
			inputFileListPaths = (
				"${PODS_ROOT}/Target Support Files/Pods-Flix-part1-Flix-part1UITests/Pods-Flix-part1-Flix-part1UITests-frameworks-${CONFIGURATION}-input-files.xcfilelist",
			);
			name = "[CP] Embed Pods Frameworks";
			outputFileListPaths = (
				"${PODS_ROOT}/Target Support Files/Pods-Flix-part1-Flix-part1UITests/Pods-Flix-part1-Flix-part1UITests-frameworks-${CONFIGURATION}-output-files.xcfilelist",
			);
			runOnlyForDeploymentPostprocessing = 0;
			shellPath = /bin/sh;
			shellScript = "\"${PODS_ROOT}/Target Support Files/Pods-Flix-part1-Flix-part1UITests/Pods-Flix-part1-Flix-part1UITests-frameworks.sh\"\n";
			showEnvVarsInLog = 0;
		};
		E527BBDFB69A7916E58FA634 /* [CP] Check Pods Manifest.lock */ = {
			isa = PBXShellScriptBuildPhase;
			buildActionMask = 2147483647;
			files = (
			);
			inputFileListPaths = (
			);
			inputPaths = (
				"${PODS_PODFILE_DIR_PATH}/Podfile.lock",
				"${PODS_ROOT}/Manifest.lock",
			);
			name = "[CP] Check Pods Manifest.lock";
			outputFileListPaths = (
			);
			outputPaths = (
				"$(DERIVED_FILE_DIR)/Pods-Flix-part1-checkManifestLockResult.txt",
			);
			runOnlyForDeploymentPostprocessing = 0;
			shellPath = /bin/sh;
			shellScript = "diff \"${PODS_PODFILE_DIR_PATH}/Podfile.lock\" \"${PODS_ROOT}/Manifest.lock\" > /dev/null\nif [ $? != 0 ] ; then\n    # print error to STDERR\n    echo \"error: The sandbox is not in sync with the Podfile.lock. Run 'pod install' or update your CocoaPods installation.\" >&2\n    exit 1\nfi\n# This output is used by Xcode 'outputs' to avoid re-running this script phase.\necho \"SUCCESS\" > \"${SCRIPT_OUTPUT_FILE_0}\"\n";
			showEnvVarsInLog = 0;
		};
/* End PBXShellScriptBuildPhase section */

/* Begin PBXSourcesBuildPhase section */
		85BD302E25E270E0002B6BC1 /* Sources */ = {
			isa = PBXSourcesBuildPhase;
			buildActionMask = 2147483647;
			files = (
				85EF977F25E8EDE80064DF46 /* MovieDetailsViewController.swift in Sources */,
				85BD303625E270E0002B6BC1 /* AppDelegate.swift in Sources */,
				85BD303825E270E0002B6BC1 /* SceneDelegate.swift in Sources */,
				85BD307C25E4A812002B6BC1 /* MovieCell.swift in Sources */,
				85BD306C25E2713C002B6BC1 /* MoviesViewController.swift in Sources */,
				85EF978425EAA18C0064DF46 /* MovieGridViewController.swift in Sources */,
				85EF978925EAAD920064DF46 /* MovieGridCell.swift in Sources */,
			);
			runOnlyForDeploymentPostprocessing = 0;
		};
		85BD304425E270E2002B6BC1 /* Sources */ = {
			isa = PBXSourcesBuildPhase;
			buildActionMask = 2147483647;
			files = (
				85BD304D25E270E2002B6BC1 /* Flix_part1Tests.swift in Sources */,
			);
			runOnlyForDeploymentPostprocessing = 0;
		};
		85BD304F25E270E2002B6BC1 /* Sources */ = {
			isa = PBXSourcesBuildPhase;
			buildActionMask = 2147483647;
			files = (
				85BD305825E270E2002B6BC1 /* Flix_part1UITests.swift in Sources */,
			);
			runOnlyForDeploymentPostprocessing = 0;
		};
/* End PBXSourcesBuildPhase section */

/* Begin PBXTargetDependency section */
		85BD304A25E270E2002B6BC1 /* PBXTargetDependency */ = {
			isa = PBXTargetDependency;
			target = 85BD303125E270E0002B6BC1 /* Flix-part1 */;
			targetProxy = 85BD304925E270E2002B6BC1 /* PBXContainerItemProxy */;
		};
		85BD305525E270E2002B6BC1 /* PBXTargetDependency */ = {
			isa = PBXTargetDependency;
			target = 85BD303125E270E0002B6BC1 /* Flix-part1 */;
			targetProxy = 85BD305425E270E2002B6BC1 /* PBXContainerItemProxy */;
		};
/* End PBXTargetDependency section */

/* Begin PBXVariantGroup section */
		85BD303B25E270E0002B6BC1 /* Main.storyboard */ = {
			isa = PBXVariantGroup;
			children = (
				85BD303C25E270E0002B6BC1 /* Base */,
			);
			name = Main.storyboard;
			sourceTree = "<group>";
		};
		85BD304025E270E2002B6BC1 /* LaunchScreen.storyboard */ = {
			isa = PBXVariantGroup;
			children = (
				85BD304125E270E2002B6BC1 /* Base */,
			);
			name = LaunchScreen.storyboard;
			sourceTree = "<group>";
		};
/* End PBXVariantGroup section */

/* Begin XCBuildConfiguration section */
		85BD305A25E270E2002B6BC1 /* Debug */ = {
			isa = XCBuildConfiguration;
			buildSettings = {
				ALWAYS_SEARCH_USER_PATHS = NO;
				CLANG_ANALYZER_NONNULL = YES;
				CLANG_ANALYZER_NUMBER_OBJECT_CONVERSION = YES_AGGRESSIVE;
				CLANG_CXX_LANGUAGE_STANDARD = "gnu++14";
				CLANG_CXX_LIBRARY = "libc++";
				CLANG_ENABLE_MODULES = YES;
				CLANG_ENABLE_OBJC_ARC = YES;
				CLANG_ENABLE_OBJC_WEAK = YES;
				CLANG_WARN_BLOCK_CAPTURE_AUTORELEASING = YES;
				CLANG_WARN_BOOL_CONVERSION = YES;
				CLANG_WARN_COMMA = YES;
				CLANG_WARN_CONSTANT_CONVERSION = YES;
				CLANG_WARN_DEPRECATED_OBJC_IMPLEMENTATIONS = YES;
				CLANG_WARN_DIRECT_OBJC_ISA_USAGE = YES_ERROR;
				CLANG_WARN_DOCUMENTATION_COMMENTS = YES;
				CLANG_WARN_EMPTY_BODY = YES;
				CLANG_WARN_ENUM_CONVERSION = YES;
				CLANG_WARN_INFINITE_RECURSION = YES;
				CLANG_WARN_INT_CONVERSION = YES;
				CLANG_WARN_NON_LITERAL_NULL_CONVERSION = YES;
				CLANG_WARN_OBJC_IMPLICIT_RETAIN_SELF = YES;
				CLANG_WARN_OBJC_LITERAL_CONVERSION = YES;
				CLANG_WARN_OBJC_ROOT_CLASS = YES_ERROR;
				CLANG_WARN_QUOTED_INCLUDE_IN_FRAMEWORK_HEADER = YES;
				CLANG_WARN_RANGE_LOOP_ANALYSIS = YES;
				CLANG_WARN_STRICT_PROTOTYPES = YES;
				CLANG_WARN_SUSPICIOUS_MOVE = YES;
				CLANG_WARN_UNGUARDED_AVAILABILITY = YES_AGGRESSIVE;
				CLANG_WARN_UNREACHABLE_CODE = YES;
				CLANG_WARN__DUPLICATE_METHOD_MATCH = YES;
				COPY_PHASE_STRIP = NO;
				DEBUG_INFORMATION_FORMAT = dwarf;
				ENABLE_STRICT_OBJC_MSGSEND = YES;
				ENABLE_TESTABILITY = YES;
				GCC_C_LANGUAGE_STANDARD = gnu11;
				GCC_DYNAMIC_NO_PIC = NO;
				GCC_NO_COMMON_BLOCKS = YES;
				GCC_OPTIMIZATION_LEVEL = 0;
				GCC_PREPROCESSOR_DEFINITIONS = (
					"DEBUG=1",
					"$(inherited)",
				);
				GCC_WARN_64_TO_32_BIT_CONVERSION = YES;
				GCC_WARN_ABOUT_RETURN_TYPE = YES_ERROR;
				GCC_WARN_UNDECLARED_SELECTOR = YES;
				GCC_WARN_UNINITIALIZED_AUTOS = YES_AGGRESSIVE;
				GCC_WARN_UNUSED_FUNCTION = YES;
				GCC_WARN_UNUSED_VARIABLE = YES;
				IPHONEOS_DEPLOYMENT_TARGET = 14.4;
				MTL_ENABLE_DEBUG_INFO = INCLUDE_SOURCE;
				MTL_FAST_MATH = YES;
				ONLY_ACTIVE_ARCH = YES;
				SDKROOT = iphoneos;
				SWIFT_ACTIVE_COMPILATION_CONDITIONS = DEBUG;
				SWIFT_OPTIMIZATION_LEVEL = "-Onone";
			};
			name = Debug;
		};
		85BD305B25E270E2002B6BC1 /* Release */ = {
			isa = XCBuildConfiguration;
			buildSettings = {
				ALWAYS_SEARCH_USER_PATHS = NO;
				CLANG_ANALYZER_NONNULL = YES;
				CLANG_ANALYZER_NUMBER_OBJECT_CONVERSION = YES_AGGRESSIVE;
				CLANG_CXX_LANGUAGE_STANDARD = "gnu++14";
				CLANG_CXX_LIBRARY = "libc++";
				CLANG_ENABLE_MODULES = YES;
				CLANG_ENABLE_OBJC_ARC = YES;
				CLANG_ENABLE_OBJC_WEAK = YES;
				CLANG_WARN_BLOCK_CAPTURE_AUTORELEASING = YES;
				CLANG_WARN_BOOL_CONVERSION = YES;
				CLANG_WARN_COMMA = YES;
				CLANG_WARN_CONSTANT_CONVERSION = YES;
				CLANG_WARN_DEPRECATED_OBJC_IMPLEMENTATIONS = YES;
				CLANG_WARN_DIRECT_OBJC_ISA_USAGE = YES_ERROR;
				CLANG_WARN_DOCUMENTATION_COMMENTS = YES;
				CLANG_WARN_EMPTY_BODY = YES;
				CLANG_WARN_ENUM_CONVERSION = YES;
				CLANG_WARN_INFINITE_RECURSION = YES;
				CLANG_WARN_INT_CONVERSION = YES;
				CLANG_WARN_NON_LITERAL_NULL_CONVERSION = YES;
				CLANG_WARN_OBJC_IMPLICIT_RETAIN_SELF = YES;
				CLANG_WARN_OBJC_LITERAL_CONVERSION = YES;
				CLANG_WARN_OBJC_ROOT_CLASS = YES_ERROR;
				CLANG_WARN_QUOTED_INCLUDE_IN_FRAMEWORK_HEADER = YES;
				CLANG_WARN_RANGE_LOOP_ANALYSIS = YES;
				CLANG_WARN_STRICT_PROTOTYPES = YES;
				CLANG_WARN_SUSPICIOUS_MOVE = YES;
				CLANG_WARN_UNGUARDED_AVAILABILITY = YES_AGGRESSIVE;
				CLANG_WARN_UNREACHABLE_CODE = YES;
				CLANG_WARN__DUPLICATE_METHOD_MATCH = YES;
				COPY_PHASE_STRIP = NO;
				DEBUG_INFORMATION_FORMAT = "dwarf-with-dsym";
				ENABLE_NS_ASSERTIONS = NO;
				ENABLE_STRICT_OBJC_MSGSEND = YES;
				GCC_C_LANGUAGE_STANDARD = gnu11;
				GCC_NO_COMMON_BLOCKS = YES;
				GCC_WARN_64_TO_32_BIT_CONVERSION = YES;
				GCC_WARN_ABOUT_RETURN_TYPE = YES_ERROR;
				GCC_WARN_UNDECLARED_SELECTOR = YES;
				GCC_WARN_UNINITIALIZED_AUTOS = YES_AGGRESSIVE;
				GCC_WARN_UNUSED_FUNCTION = YES;
				GCC_WARN_UNUSED_VARIABLE = YES;
				IPHONEOS_DEPLOYMENT_TARGET = 14.4;
				MTL_ENABLE_DEBUG_INFO = NO;
				MTL_FAST_MATH = YES;
				SDKROOT = iphoneos;
				SWIFT_COMPILATION_MODE = wholemodule;
				SWIFT_OPTIMIZATION_LEVEL = "-O";
				VALIDATE_PRODUCT = YES;
			};
			name = Release;
		};
		85BD305D25E270E2002B6BC1 /* Debug */ = {
			isa = XCBuildConfiguration;
			baseConfigurationReference = DF2FA8EB6BDCCC153C5CE3ED /* Pods-Flix-part1.debug.xcconfig */;
			buildSettings = {
				ASSETCATALOG_COMPILER_APPICON_NAME = AppIcon;
				ASSETCATALOG_COMPILER_GLOBAL_ACCENT_COLOR_NAME = AccentColor;
				CODE_SIGN_STYLE = Automatic;
				DEVELOPMENT_TEAM = T5ZJCF4V4U;
				INFOPLIST_FILE = "Flix-part1/Info.plist";
				LD_RUNPATH_SEARCH_PATHS = (
					"$(inherited)",
					"@executable_path/Frameworks",
				);
				PRODUCT_BUNDLE_IDENTIFIER = "memo.com.Flix-part1";
				PRODUCT_NAME = "$(TARGET_NAME)";
				SWIFT_VERSION = 5.0;
				TARGETED_DEVICE_FAMILY = "1,2";
			};
			name = Debug;
		};
		85BD305E25E270E2002B6BC1 /* Release */ = {
			isa = XCBuildConfiguration;
			baseConfigurationReference = CA33879F77BC4BAC357E3770 /* Pods-Flix-part1.release.xcconfig */;
			buildSettings = {
				ASSETCATALOG_COMPILER_APPICON_NAME = AppIcon;
				ASSETCATALOG_COMPILER_GLOBAL_ACCENT_COLOR_NAME = AccentColor;
				CODE_SIGN_STYLE = Automatic;
				DEVELOPMENT_TEAM = T5ZJCF4V4U;
				INFOPLIST_FILE = "Flix-part1/Info.plist";
				LD_RUNPATH_SEARCH_PATHS = (
					"$(inherited)",
					"@executable_path/Frameworks",
				);
				PRODUCT_BUNDLE_IDENTIFIER = "memo.com.Flix-part1";
				PRODUCT_NAME = "$(TARGET_NAME)";
				SWIFT_VERSION = 5.0;
				TARGETED_DEVICE_FAMILY = "1,2";
			};
			name = Release;
		};
		85BD306025E270E2002B6BC1 /* Debug */ = {
			isa = XCBuildConfiguration;
			baseConfigurationReference = 0711CE448759E3FB7596B778 /* Pods-Flix-part1Tests.debug.xcconfig */;
			buildSettings = {
				ALWAYS_EMBED_SWIFT_STANDARD_LIBRARIES = YES;
				BUNDLE_LOADER = "$(TEST_HOST)";
				CODE_SIGN_STYLE = Automatic;
				INFOPLIST_FILE = "Flix-part1Tests/Info.plist";
				IPHONEOS_DEPLOYMENT_TARGET = 14.4;
				LD_RUNPATH_SEARCH_PATHS = (
					"$(inherited)",
					"@executable_path/Frameworks",
					"@loader_path/Frameworks",
				);
				PRODUCT_BUNDLE_IDENTIFIER = "memo.com.Flix-part1Tests";
				PRODUCT_NAME = "$(TARGET_NAME)";
				SWIFT_VERSION = 5.0;
				TARGETED_DEVICE_FAMILY = "1,2";
				TEST_HOST = "$(BUILT_PRODUCTS_DIR)/Flix-part1.app/Flix-part1";
			};
			name = Debug;
		};
		85BD306125E270E2002B6BC1 /* Release */ = {
			isa = XCBuildConfiguration;
			baseConfigurationReference = 20CEFBEF09C4792D969BEB12 /* Pods-Flix-part1Tests.release.xcconfig */;
			buildSettings = {
				ALWAYS_EMBED_SWIFT_STANDARD_LIBRARIES = YES;
				BUNDLE_LOADER = "$(TEST_HOST)";
				CODE_SIGN_STYLE = Automatic;
				INFOPLIST_FILE = "Flix-part1Tests/Info.plist";
				IPHONEOS_DEPLOYMENT_TARGET = 14.4;
				LD_RUNPATH_SEARCH_PATHS = (
					"$(inherited)",
					"@executable_path/Frameworks",
					"@loader_path/Frameworks",
				);
				PRODUCT_BUNDLE_IDENTIFIER = "memo.com.Flix-part1Tests";
				PRODUCT_NAME = "$(TARGET_NAME)";
				SWIFT_VERSION = 5.0;
				TARGETED_DEVICE_FAMILY = "1,2";
				TEST_HOST = "$(BUILT_PRODUCTS_DIR)/Flix-part1.app/Flix-part1";
			};
			name = Release;
		};
		85BD306325E270E2002B6BC1 /* Debug */ = {
			isa = XCBuildConfiguration;
			baseConfigurationReference = 489E593E42C02EEE45F61A7C /* Pods-Flix-part1-Flix-part1UITests.debug.xcconfig */;
			buildSettings = {
				ALWAYS_EMBED_SWIFT_STANDARD_LIBRARIES = YES;
				CODE_SIGN_STYLE = Automatic;
				INFOPLIST_FILE = "Flix-part1UITests/Info.plist";
				LD_RUNPATH_SEARCH_PATHS = (
					"$(inherited)",
					"@executable_path/Frameworks",
					"@loader_path/Frameworks",
				);
				PRODUCT_BUNDLE_IDENTIFIER = "memo.com.Flix-part1UITests";
				PRODUCT_NAME = "$(TARGET_NAME)";
				SWIFT_VERSION = 5.0;
				TARGETED_DEVICE_FAMILY = "1,2";
				TEST_TARGET_NAME = "Flix-part1";
			};
			name = Debug;
		};
		85BD306425E270E2002B6BC1 /* Release */ = {
			isa = XCBuildConfiguration;
			baseConfigurationReference = 4B266E342311F7F6B1F4790C /* Pods-Flix-part1-Flix-part1UITests.release.xcconfig */;
			buildSettings = {
				ALWAYS_EMBED_SWIFT_STANDARD_LIBRARIES = YES;
				CODE_SIGN_STYLE = Automatic;
				INFOPLIST_FILE = "Flix-part1UITests/Info.plist";
				LD_RUNPATH_SEARCH_PATHS = (
					"$(inherited)",
					"@executable_path/Frameworks",
					"@loader_path/Frameworks",
				);
				PRODUCT_BUNDLE_IDENTIFIER = "memo.com.Flix-part1UITests";
				PRODUCT_NAME = "$(TARGET_NAME)";
				SWIFT_VERSION = 5.0;
				TARGETED_DEVICE_FAMILY = "1,2";
				TEST_TARGET_NAME = "Flix-part1";
			};
			name = Release;
		};
/* End XCBuildConfiguration section */

/* Begin XCConfigurationList section */
		85BD302D25E270E0002B6BC1 /* Build configuration list for PBXProject "Flix-part1" */ = {
			isa = XCConfigurationList;
			buildConfigurations = (
				85BD305A25E270E2002B6BC1 /* Debug */,
				85BD305B25E270E2002B6BC1 /* Release */,
			);
			defaultConfigurationIsVisible = 0;
			defaultConfigurationName = Release;
		};
		85BD305C25E270E2002B6BC1 /* Build configuration list for PBXNativeTarget "Flix-part1" */ = {
			isa = XCConfigurationList;
			buildConfigurations = (
				85BD305D25E270E2002B6BC1 /* Debug */,
				85BD305E25E270E2002B6BC1 /* Release */,
			);
			defaultConfigurationIsVisible = 0;
			defaultConfigurationName = Release;
		};
		85BD305F25E270E2002B6BC1 /* Build configuration list for PBXNativeTarget "Flix-part1Tests" */ = {
			isa = XCConfigurationList;
			buildConfigurations = (
				85BD306025E270E2002B6BC1 /* Debug */,
				85BD306125E270E2002B6BC1 /* Release */,
			);
			defaultConfigurationIsVisible = 0;
			defaultConfigurationName = Release;
		};
		85BD306225E270E2002B6BC1 /* Build configuration list for PBXNativeTarget "Flix-part1UITests" */ = {
			isa = XCConfigurationList;
			buildConfigurations = (
				85BD306325E270E2002B6BC1 /* Debug */,
				85BD306425E270E2002B6BC1 /* Release */,
			);
			defaultConfigurationIsVisible = 0;
			defaultConfigurationName = Release;
		};
/* End XCConfigurationList section */
	};
	rootObject = 85BD302A25E270E0002B6BC1 /* Project object */;
}
